
Microsoft Visual Studio Solution File, Format Version 12.00
# Visual Studio Version 16
VisualStudioVersion = 16.0.30523.141
MinimumVisualStudioVersion = 10.0.40219.1
Project("{FAE04EC0-301F-11D3-BF4B-00C04F79EFBC}") = "PanelSms", "PanelSms\PanelSms.csproj", "{CCC17203-88CE-4FE1-9C28-6CC65121BA4B}"
EndProject
Project("{FAE04EC0-301F-11D3-BF4B-00C04F79EFBC}") = "Panel.DAL", "Panel.DAL\Panel.DAL.csproj", "{990753FE-595B-4793-977A-91AE957DF08E}"
EndProject
Global
	GlobalSection(SolutionConfigurationPlatforms) = preSolution
		Debug|Any CPU = Debug|Any CPU
		Release|Any CPU = Release|Any CPU
	EndGlobalSection
	GlobalSection(ProjectConfigurationPlatforms) = postSolution
		{CCC17203-88CE-4FE1-9C28-6CC65121BA4B}.Debug|Any CPU.ActiveCfg = Debug|Any CPU
		{CCC17203-88CE-4FE1-9C28-6CC65121BA4B}.Debug|Any CPU.Build.0 = Debug|Any CPU
		{CCC17203-88CE-4FE1-9C28-6CC65121BA4B}.Release|Any CPU.ActiveCfg = Release|Any CPU
		{CCC17203-88CE-4FE1-9C28-6CC65121BA4B}.Release|Any CPU.Build.0 = Release|Any CPU
		{990753FE-595B-4793-977A-91AE957DF08E}.Debug|Any CPU.ActiveCfg = Debug|Any CPU
		{990753FE-595B-4793-977A-91AE957DF08E}.Debug|Any CPU.Build.0 = Debug|Any CPU
		{990753FE-595B-4793-977A-91AE957DF08E}.Release|Any CPU.ActiveCfg = Release|Any CPU
		{990753FE-595B-4793-977A-91AE957DF08E}.Release|Any CPU.Build.0 = Release|Any CPU
	EndGlobalSection
	GlobalSection(SolutionProperties) = preSolution
		HideSolutionNode = FALSE
	EndGlobalSection
	GlobalSection(ExtensibilityGlobals) = postSolution
		SolutionGuid = {CE7AD26F-18D4-4E2D-BEA1-9FD328ACD64A}
	EndGlobalSection
EndGlobal
